
Microsoft Visual Studio Solution File, Format Version 12.00
# Visual Studio Version 16
VisualStudioVersion = 16.0.30804.86
MinimumVisualStudioVersion = 10.0.40219.1
Project("{9A19103F-16F7-4668-BE54-9A1E7A4F7556}") = "agent", "agent\agent.csproj", "{560DA4EA-A08C-426A-AC88-606EE992B30E}"
EndProject
Project("{2150E333-8FDC-42A3-9474-1A3956D46DE8}") = "Solution Items", "Solution Items", "{D7959305-BBEB-4874-B73C-08BED593E2B4}"
	ProjectSection(SolutionItems) = preProject
		.dockerignore = .dockerignore
		.gitignore = .gitignore
		docker-compose.dev.yml = docker-compose.dev.yml
		readme.md = readme.md
	EndProjectSection
EndProject
Project("{9A19103F-16F7-4668-BE54-9A1E7A4F7556}") = "data", "data\data.csproj", "{0F5D277A-452A-44DD-ADD8-F3FA7F49C07D}"
EndProject
Project("{9A19103F-16F7-4668-BE54-9A1E7A4F7556}") = "app", "app\app.csproj", "{42639BA9-BCCC-4BDE-9750-4C50B358DC71}"
EndProject
Project("{FAE04EC0-301F-11D3-BF4B-00C04F79EFBC}") = "store", "store\store.csproj", "{22194159-E73C-4577-9C36-68DF9B110F1E}"
EndProject
Global
	GlobalSection(SolutionConfigurationPlatforms) = preSolution
		Debug|Any CPU = Debug|Any CPU
		Release|Any CPU = Release|Any CPU
	EndGlobalSection
	GlobalSection(ProjectConfigurationPlatforms) = postSolution
		{560DA4EA-A08C-426A-AC88-606EE992B30E}.Debug|Any CPU.ActiveCfg = Debug|Any CPU
		{560DA4EA-A08C-426A-AC88-606EE992B30E}.Debug|Any CPU.Build.0 = Debug|Any CPU
		{560DA4EA-A08C-426A-AC88-606EE992B30E}.Release|Any CPU.ActiveCfg = Release|Any CPU
		{560DA4EA-A08C-426A-AC88-606EE992B30E}.Release|Any CPU.Build.0 = Release|Any CPU
		{0F5D277A-452A-44DD-ADD8-F3FA7F49C07D}.Debug|Any CPU.ActiveCfg = Debug|Any CPU
		{0F5D277A-452A-44DD-ADD8-F3FA7F49C07D}.Debug|Any CPU.Build.0 = Debug|Any CPU
		{0F5D277A-452A-44DD-ADD8-F3FA7F49C07D}.Release|Any CPU.ActiveCfg = Release|Any CPU
		{0F5D277A-452A-44DD-ADD8-F3FA7F49C07D}.Release|Any CPU.Build.0 = Release|Any CPU
		{42639BA9-BCCC-4BDE-9750-4C50B358DC71}.Debug|Any CPU.ActiveCfg = Debug|Any CPU
		{42639BA9-BCCC-4BDE-9750-4C50B358DC71}.Debug|Any CPU.Build.0 = Debug|Any CPU
		{42639BA9-BCCC-4BDE-9750-4C50B358DC71}.Release|Any CPU.ActiveCfg = Release|Any CPU
		{42639BA9-BCCC-4BDE-9750-4C50B358DC71}.Release|Any CPU.Build.0 = Release|Any CPU
		{22194159-E73C-4577-9C36-68DF9B110F1E}.Debug|Any CPU.ActiveCfg = Debug|Any CPU
		{22194159-E73C-4577-9C36-68DF9B110F1E}.Debug|Any CPU.Build.0 = Debug|Any CPU
		{22194159-E73C-4577-9C36-68DF9B110F1E}.Release|Any CPU.ActiveCfg = Release|Any CPU
		{22194159-E73C-4577-9C36-68DF9B110F1E}.Release|Any CPU.Build.0 = Release|Any CPU
	EndGlobalSection
	GlobalSection(SolutionProperties) = preSolution
		HideSolutionNode = FALSE
	EndGlobalSection
	GlobalSection(ExtensibilityGlobals) = postSolution
		SolutionGuid = {50CC2F1A-D760-4281-91E5-D0887804A8F6}
	EndGlobalSection
EndGlobal
